
Microsoft Visual Studio Solution File, Format Version 12.00
# Visual Studio Version 17
VisualStudioVersion = 17.7.34031.279
MinimumVisualStudioVersion = 10.0.40219.1
Project("{54A90642-561A-4BB1-A94E-469ADEE60C69}") = "ARJSLocationBased", "ARJSLocationBased.esproj", "{4C59FE09-65F1-4FDA-978B-1C22B50C7129}"
EndProject
Global
	GlobalSection(SolutionConfigurationPlatforms) = preSolution
		Debug|Any CPU = Debug|Any CPU
		Release|Any CPU = Release|Any CPU
	EndGlobalSection
	GlobalSection(ProjectConfigurationPlatforms) = postSolution
		{4C59FE09-65F1-4FDA-978B-1C22B50C7129}.Debug|Any CPU.ActiveCfg = Debug|Any CPU
		{4C59FE09-65F1-4FDA-978B-1C22B50C7129}.Debug|Any CPU.Build.0 = Debug|Any CPU
		{4C59FE09-65F1-4FDA-978B-1C22B50C7129}.Debug|Any CPU.Deploy.0 = Debug|Any CPU
		{4C59FE09-65F1-4FDA-978B-1C22B50C7129}.Release|Any CPU.ActiveCfg = Release|Any CPU
		{4C59FE09-65F1-4FDA-978B-1C22B50C7129}.Release|Any CPU.Build.0 = Release|Any CPU
		{4C59FE09-65F1-4FDA-978B-1C22B50C7129}.Release|Any CPU.Deploy.0 = Release|Any CPU
	EndGlobalSection
	GlobalSection(SolutionProperties) = preSolution
		HideSolutionNode = FALSE
	EndGlobalSection
	GlobalSection(ExtensibilityGlobals) = postSolution
		SolutionGuid = {13DB6F76-420B-4C06-8537-31E240B7C682}
	EndGlobalSection
EndGlobal
